
Microsoft Visual Studio Solution File, Format Version 12.00
# Visual Studio Version 16
VisualStudioVersion = 16.0.32901.82
MinimumVisualStudioVersion = 10.0.40219.1
Project("{FAE04EC0-301F-11D3-BF4B-00C04F79EFBC}") = "CRUD_DEMO2", "CRUD_DEMO2\CRUD_DEMO2.csproj", "{AD3B3F4B-6B75-4EF3-AD4D-D746D4C0F0AC}"
EndProject
Global
	GlobalSection(SolutionConfigurationPlatforms) = preSolution
		Debug|Any CPU = Debug|Any CPU
		Release|Any CPU = Release|Any CPU
	EndGlobalSection
	GlobalSection(ProjectConfigurationPlatforms) = postSolution
		{AD3B3F4B-6B75-4EF3-AD4D-D746D4C0F0AC}.Debug|Any CPU.ActiveCfg = Debug|Any CPU
		{AD3B3F4B-6B75-4EF3-AD4D-D746D4C0F0AC}.Debug|Any CPU.Build.0 = Debug|Any CPU
		{AD3B3F4B-6B75-4EF3-AD4D-D746D4C0F0AC}.Release|Any CPU.ActiveCfg = Release|Any CPU
		{AD3B3F4B-6B75-4EF3-AD4D-D746D4C0F0AC}.Release|Any CPU.Build.0 = Release|Any CPU
	EndGlobalSection
	GlobalSection(SolutionProperties) = preSolution
		HideSolutionNode = FALSE
	EndGlobalSection
	GlobalSection(ExtensibilityGlobals) = postSolution
		SolutionGuid = {C21EB34D-7A99-460F-AAAF-FB2DD5D36433}
	EndGlobalSection
EndGlobal
